
Microsoft Visual Studio Solution File, Format Version 12.00
# Visual Studio Version 17
VisualStudioVersion = 17.11.35312.102
MinimumVisualStudioVersion = 10.0.40219.1
Project("{FAE04EC0-301F-11D3-BF4B-00C04F79EFBC}") = "cafeCoffee", "cafeCoffee.csproj", "{622A8A3A-EC7C-417D-921C-EC573E19F00F}"
EndProject
Global
	GlobalSection(SolutionConfigurationPlatforms) = preSolution
		Debug|Any CPU = Debug|Any CPU
		Release|Any CPU = Release|Any CPU
	EndGlobalSection
	GlobalSection(ProjectConfigurationPlatforms) = postSolution
		{622A8A3A-EC7C-417D-921C-EC573E19F00F}.Debug|Any CPU.ActiveCfg = Debug|Any CPU
		{622A8A3A-EC7C-417D-921C-EC573E19F00F}.Debug|Any CPU.Build.0 = Debug|Any CPU
		{622A8A3A-EC7C-417D-921C-EC573E19F00F}.Release|Any CPU.ActiveCfg = Release|Any CPU
		{622A8A3A-EC7C-417D-921C-EC573E19F00F}.Release|Any CPU.Build.0 = Release|Any CPU
	EndGlobalSection
	GlobalSection(SolutionProperties) = preSolution
		HideSolutionNode = FALSE
	EndGlobalSection
	GlobalSection(ExtensibilityGlobals) = postSolution
		SolutionGuid = {AB9634B2-0863-41FA-89B6-143D9A5A3445}
	EndGlobalSection
EndGlobal
